// !$*UTF8*$!
{
	archiveVersion = 1;
	classes = {
	};
	objectVersion = 50;
	objects = {

/* Begin PBXBuildFile section */
		469931A824723B31002BE16F /* AppDelegate.swift in Sources */ = {isa = PBXBuildFile; fileRef = 469931A724723B31002BE16F /* AppDelegate.swift */; };
		469931AA24723B31002BE16F /* SceneDelegate.swift in Sources */ = {isa = PBXBuildFile; fileRef = 469931A924723B31002BE16F /* SceneDelegate.swift */; };
		469931AC24723B31002BE16F /* ContentView.swift in Sources */ = {isa = PBXBuildFile; fileRef = 469931AB24723B31002BE16F /* ContentView.swift */; };
		469931AE24723B33002BE16F /* Assets.xcassets in Resources */ = {isa = PBXBuildFile; fileRef = 469931AD24723B33002BE16F /* Assets.xcassets */; };
		469931B124723B33002BE16F /* Preview Assets.xcassets in Resources */ = {isa = PBXBuildFile; fileRef = 469931B024723B33002BE16F /* Preview Assets.xcassets */; };
		469931B424723B33002BE16F /* LaunchScreen.storyboard in Resources */ = {isa = PBXBuildFile; fileRef = 469931B224723B33002BE16F /* LaunchScreen.storyboard */; };
		469931BF24723B33002BE16F /* loginKey_swuiTests.swift in Sources */ = {isa = PBXBuildFile; fileRef = 469931BE24723B33002BE16F /* loginKey_swuiTests.swift */; };
		469931CA24723B33002BE16F /* loginKey_swuiUITests.swift in Sources */ = {isa = PBXBuildFile; fileRef = 469931C924723B33002BE16F /* loginKey_swuiUITests.swift */; };
/* End PBXBuildFile section */

/* Begin PBXContainerItemProxy section */
		469931BB24723B33002BE16F /* PBXContainerItemProxy */ = {
			isa = PBXContainerItemProxy;
			containerPortal = 4699319C24723B31002BE16F /* Project object */;
			proxyType = 1;
			remoteGlobalIDString = 469931A324723B31002BE16F;
			remoteInfo = "loginKey-swui";
		};
		469931C624723B33002BE16F /* PBXContainerItemProxy */ = {
			isa = PBXContainerItemProxy;
			containerPortal = 4699319C24723B31002BE16F /* Project object */;
			proxyType = 1;
			remoteGlobalIDString = 469931A324723B31002BE16F;
			remoteInfo = "loginKey-swui";
		};
/* End PBXContainerItemProxy section */

/* Begin PBXFileReference section */
		469931A424723B31002BE16F /* loginKey-swui.app */ = {isa = PBXFileReference; explicitFileType = wrapper.application; includeInIndex = 0; path = "loginKey-swui.app"; sourceTree = BUILT_PRODUCTS_DIR; };
		469931A724723B31002BE16F /* AppDelegate.swift */ = {isa = PBXFileReference; lastKnownFileType = sourcecode.swift; path = AppDelegate.swift; sourceTree = "<group>"; };
		469931A924723B31002BE16F /* SceneDelegate.swift */ = {isa = PBXFileReference; lastKnownFileType = sourcecode.swift; path = SceneDelegate.swift; sourceTree = "<group>"; };
		469931AB24723B31002BE16F /* ContentView.swift */ = {isa = PBXFileReference; lastKnownFileType = sourcecode.swift; path = ContentView.swift; sourceTree = "<group>"; };
		469931AD24723B33002BE16F /* Assets.xcassets */ = {isa = PBXFileReference; lastKnownFileType = folder.assetcatalog; path = Assets.xcassets; sourceTree = "<group>"; };
		469931B024723B33002BE16F /* Preview Assets.xcassets */ = {isa = PBXFileReference; lastKnownFileType = folder.assetcatalog; path = "Preview Assets.xcassets"; sourceTree = "<group>"; };
		469931B324723B33002BE16F /* Base */ = {isa = PBXFileReference; lastKnownFileType = file.storyboard; name = Base; path = Base.lproj/LaunchScreen.storyboard; sourceTree = "<group>"; };
		469931B524723B33002BE16F /* Info.plist */ = {isa = PBXFileReference; lastKnownFileType = text.plist.xml; path = Info.plist; sourceTree = "<group>"; };
		469931BA24723B33002BE16F /* loginKey-swuiTests.xctest */ = {isa = PBXFileReference; explicitFileType = wrapper.cfbundle; includeInIndex = 0; path = "loginKey-swuiTests.xctest"; sourceTree = BUILT_PRODUCTS_DIR; };
		469931BE24723B33002BE16F /* loginKey_swuiTests.swift */ = {isa = PBXFileReference; lastKnownFileType = sourcecode.swift; path = loginKey_swuiTests.swift; sourceTree = "<group>"; };
		469931C024723B33002BE16F /* Info.plist */ = {isa = PBXFileReference; lastKnownFileType = text.plist.xml; path = Info.plist; sourceTree = "<group>"; };
		469931C524723B33002BE16F /* loginKey-swuiUITests.xctest */ = {isa = PBXFileReference; explicitFileType = wrapper.cfbundle; includeInIndex = 0; path = "loginKey-swuiUITests.xctest"; sourceTree = BUILT_PRODUCTS_DIR; };
		469931C924723B33002BE16F /* loginKey_swuiUITests.swift */ = {isa = PBXFileReference; lastKnownFileType = sourcecode.swift; path = loginKey_swuiUITests.swift; sourceTree = "<group>"; };
		469931CB24723B33002BE16F /* Info.plist */ = {isa = PBXFileReference; lastKnownFileType = text.plist.xml; path = Info.plist; sourceTree = "<group>"; };
/* End PBXFileReference section */

/* Begin PBXFrameworksBuildPhase section */
		469931A124723B31002BE16F /* Frameworks */ = {
			isa = PBXFrameworksBuildPhase;
			buildActionMask = 2147483647;
			files = (
			);
			runOnlyForDeploymentPostprocessing = 0;
		};
		469931B724723B33002BE16F /* Frameworks */ = {
			isa = PBXFrameworksBuildPhase;
			buildActionMask = 2147483647;
			files = (
			);
			runOnlyForDeploymentPostprocessing = 0;
		};
		469931C224723B33002BE16F /* Frameworks */ = {
			isa = PBXFrameworksBuildPhase;
			buildActionMask = 2147483647;
			files = (
			);
			runOnlyForDeploymentPostprocessing = 0;
		};
/* End PBXFrameworksBuildPhase section */

/* Begin PBXGroup section */
		4699319B24723B31002BE16F = {
			isa = PBXGroup;
			children = (
				469931A624723B31002BE16F /* loginKey-swui */,
				469931BD24723B33002BE16F /* loginKey-swuiTests */,
				469931C824723B33002BE16F /* loginKey-swuiUITests */,
				469931A524723B31002BE16F /* Products */,
			);
			sourceTree = "<group>";
		};
		469931A524723B31002BE16F /* Products */ = {
			isa = PBXGroup;
			children = (
				469931A424723B31002BE16F /* loginKey-swui.app */,
				469931BA24723B33002BE16F /* loginKey-swuiTests.xctest */,
				469931C524723B33002BE16F /* loginKey-swuiUITests.xctest */,
			);
			name = Products;
			sourceTree = "<group>";
		};
		469931A624723B31002BE16F /* loginKey-swui */ = {
			isa = PBXGroup;
			children = (
				469931A724723B31002BE16F /* AppDelegate.swift */,
				469931A924723B31002BE16F /* SceneDelegate.swift */,
				469931AB24723B31002BE16F /* ContentView.swift */,
				469931AD24723B33002BE16F /* Assets.xcassets */,
				469931B224723B33002BE16F /* LaunchScreen.storyboard */,
				469931B524723B33002BE16F /* Info.plist */,
				469931AF24723B33002BE16F /* Preview Content */,
			);
			path = "loginKey-swui";
			sourceTree = "<group>";
		};
		469931AF24723B33002BE16F /* Preview Content */ = {
			isa = PBXGroup;
			children = (
				469931B024723B33002BE16F /* Preview Assets.xcassets */,
			);
			path = "Preview Content";
			sourceTree = "<group>";
		};
		469931BD24723B33002BE16F /* loginKey-swuiTests */ = {
			isa = PBXGroup;
			children = (
				469931BE24723B33002BE16F /* loginKey_swuiTests.swift */,
				469931C024723B33002BE16F /* Info.plist */,
			);
			path = "loginKey-swuiTests";
			sourceTree = "<group>";
		};
		469931C824723B33002BE16F /* loginKey-swuiUITests */ = {
			isa = PBXGroup;
			children = (
				469931C924723B33002BE16F /* loginKey_swuiUITests.swift */,
				469931CB24723B33002BE16F /* Info.plist */,
			);
			path = "loginKey-swuiUITests";
			sourceTree = "<group>";
		};
/* End PBXGroup section */

/* Begin PBXNativeTarget section */
		469931A324723B31002BE16F /* loginKey-swui */ = {
			isa = PBXNativeTarget;
			buildConfigurationList = 469931CE24723B33002BE16F /* Build configuration list for PBXNativeTarget "loginKey-swui" */;
			buildPhases = (
				469931A024723B31002BE16F /* Sources */,
				469931A124723B31002BE16F /* Frameworks */,
				469931A224723B31002BE16F /* Resources */,
			);
			buildRules = (
			);
			dependencies = (
			);
			name = "loginKey-swui";
			productName = "loginKey-swui";
			productReference = 469931A424723B31002BE16F /* loginKey-swui.app */;
			productType = "com.apple.product-type.application";
		};
		469931B924723B33002BE16F /* loginKey-swuiTests */ = {
			isa = PBXNativeTarget;
			buildConfigurationList = 469931D124723B33002BE16F /* Build configuration list for PBXNativeTarget "loginKey-swuiTests" */;
			buildPhases = (
				469931B624723B33002BE16F /* Sources */,
				469931B724723B33002BE16F /* Frameworks */,
				469931B824723B33002BE16F /* Resources */,
			);
			buildRules = (
			);
			dependencies = (
				469931BC24723B33002BE16F /* PBXTargetDependency */,
			);
			name = "loginKey-swuiTests";
			productName = "loginKey-swuiTests";
			productReference = 469931BA24723B33002BE16F /* loginKey-swuiTests.xctest */;
			productType = "com.apple.product-type.bundle.unit-test";
		};
		469931C424723B33002BE16F /* loginKey-swuiUITests */ = {
			isa = PBXNativeTarget;
			buildConfigurationList = 469931D424723B33002BE16F /* Build configuration list for PBXNativeTarget "loginKey-swuiUITests" */;
			buildPhases = (
				469931C124723B33002BE16F /* Sources */,
				469931C224723B33002BE16F /* Frameworks */,
				469931C324723B33002BE16F /* Resources */,
			);
			buildRules = (
			);
			dependencies = (
				469931C724723B33002BE16F /* PBXTargetDependency */,
			);
			name = "loginKey-swuiUITests";
			productName = "loginKey-swuiUITests";
			productReference = 469931C524723B33002BE16F /* loginKey-swuiUITests.xctest */;
			productType = "com.apple.product-type.bundle.ui-testing";
		};
/* End PBXNativeTarget section */

/* Begin PBXProject section */
		4699319C24723B31002BE16F /* Project object */ = {
			isa = PBXProject;
			attributes = {
				LastSwiftUpdateCheck = 1130;
				LastUpgradeCheck = 1130;
				ORGANIZATIONNAME = Rapser;
				TargetAttributes = {
					469931A324723B31002BE16F = {
						CreatedOnToolsVersion = 11.3.1;
					};
					469931B924723B33002BE16F = {
						CreatedOnToolsVersion = 11.3.1;
						TestTargetID = 469931A324723B31002BE16F;
					};
					469931C424723B33002BE16F = {
						CreatedOnToolsVersion = 11.3.1;
						TestTargetID = 469931A324723B31002BE16F;
					};
				};
			};
			buildConfigurationList = 4699319F24723B31002BE16F /* Build configuration list for PBXProject "loginKey-swui" */;
			compatibilityVersion = "Xcode 9.3";
			developmentRegion = en;
			hasScannedForEncodings = 0;
			knownRegions = (
				en,
				Base,
			);
			mainGroup = 4699319B24723B31002BE16F;
			productRefGroup = 469931A524723B31002BE16F /* Products */;
			projectDirPath = "";
			projectRoot = "";
			targets = (
				469931A324723B31002BE16F /* loginKey-swui */,
				469931B924723B33002BE16F /* loginKey-swuiTests */,
				469931C424723B33002BE16F /* loginKey-swuiUITests */,
			);
		};
/* End PBXProject section */

/* Begin PBXResourcesBuildPhase section */
		469931A224723B31002BE16F /* Resources */ = {
			isa = PBXResourcesBuildPhase;
			buildActionMask = 2147483647;
			files = (
				469931B424723B33002BE16F /* LaunchScreen.storyboard in Resources */,
				469931B124723B33002BE16F /* Preview Assets.xcassets in Resources */,
				469931AE24723B33002BE16F /* Assets.xcassets in Resources */,
			);
			runOnlyForDeploymentPostprocessing = 0;
		};
		469931B824723B33002BE16F /* Resources */ = {
			isa = PBXResourcesBuildPhase;
			buildActionMask = 2147483647;
			files = (
			);
			runOnlyForDeploymentPostprocessing = 0;
		};
		469931C324723B33002BE16F /* Resources */ = {
			isa = PBXResourcesBuildPhase;
			buildActionMask = 2147483647;
			files = (
			);
			runOnlyForDeploymentPostprocessing = 0;
		};
/* End PBXResourcesBuildPhase section */

/* Begin PBXSourcesBuildPhase section */
		469931A024723B31002BE16F /* Sources */ = {
			isa = PBXSourcesBuildPhase;
			buildActionMask = 2147483647;
			files = (
				469931A824723B31002BE16F /* AppDelegate.swift in Sources */,
				469931AA24723B31002BE16F /* SceneDelegate.swift in Sources */,
				469931AC24723B31002BE16F /* ContentView.swift in Sources */,
			);
			runOnlyForDeploymentPostprocessing = 0;
		};
		469931B624723B33002BE16F /* Sources */ = {
			isa = PBXSourcesBuildPhase;
			buildActionMask = 2147483647;
			files = (
				469931BF24723B33002BE16F /* loginKey_swuiTests.swift in Sources */,
			);
			runOnlyForDeploymentPostprocessing = 0;
		};
		469931C124723B33002BE16F /* Sources */ = {
			isa = PBXSourcesBuildPhase;
			buildActionMask = 2147483647;
			files = (
				469931CA24723B33002BE16F /* loginKey_swuiUITests.swift in Sources */,
			);
			runOnlyForDeploymentPostprocessing = 0;
		};
/* End PBXSourcesBuildPhase section */

/* Begin PBXTargetDependency section */
		469931BC24723B33002BE16F /* PBXTargetDependency */ = {
			isa = PBXTargetDependency;
			target = 469931A324723B31002BE16F /* loginKey-swui */;
			targetProxy = 469931BB24723B33002BE16F /* PBXContainerItemProxy */;
		};
		469931C724723B33002BE16F /* PBXTargetDependency */ = {
			isa = PBXTargetDependency;
			target = 469931A324723B31002BE16F /* loginKey-swui */;
			targetProxy = 469931C624723B33002BE16F /* PBXContainerItemProxy */;
		};
/* End PBXTargetDependency section */

/* Begin PBXVariantGroup section */
		469931B224723B33002BE16F /* LaunchScreen.storyboard */ = {
			isa = PBXVariantGroup;
			children = (
				469931B324723B33002BE16F /* Base */,
			);
			name = LaunchScreen.storyboard;
			sourceTree = "<group>";
		};
/* End PBXVariantGroup section */

/* Begin XCBuildConfiguration section */
		469931CC24723B33002BE16F /* Debug */ = {
			isa = XCBuildConfiguration;
			buildSettings = {
				ALWAYS_SEARCH_USER_PATHS = NO;
				CLANG_ANALYZER_NONNULL = YES;
				CLANG_ANALYZER_NUMBER_OBJECT_CONVERSION = YES_AGGRESSIVE;
				CLANG_CXX_LANGUAGE_STANDARD = "gnu++14";
				CLANG_CXX_LIBRARY = "libc++";
				CLANG_ENABLE_MODULES = YES;
				CLANG_ENABLE_OBJC_ARC = YES;
				CLANG_ENABLE_OBJC_WEAK = YES;
				CLANG_WARN_BLOCK_CAPTURE_AUTORELEASING = YES;
				CLANG_WARN_BOOL_CONVERSION = YES;
				CLANG_WARN_COMMA = YES;
				CLANG_WARN_CONSTANT_CONVERSION = YES;
				CLANG_WARN_DEPRECATED_OBJC_IMPLEMENTATIONS = YES;
				CLANG_WARN_DIRECT_OBJC_ISA_USAGE = YES_ERROR;
				CLANG_WARN_DOCUMENTATION_COMMENTS = YES;
				CLANG_WARN_EMPTY_BODY = YES;
				CLANG_WARN_ENUM_CONVERSION = YES;
				CLANG_WARN_INFINITE_RECURSION = YES;
				CLANG_WARN_INT_CONVERSION = YES;
				CLANG_WARN_NON_LITERAL_NULL_CONVERSION = YES;
				CLANG_WARN_OBJC_IMPLICIT_RETAIN_SELF = YES;
				CLANG_WARN_OBJC_LITERAL_CONVERSION = YES;
				CLANG_WARN_OBJC_ROOT_CLASS = YES_ERROR;
				CLANG_WARN_RANGE_LOOP_ANALYSIS = YES;
				CLANG_WARN_STRICT_PROTOTYPES = YES;
				CLANG_WARN_SUSPICIOUS_MOVE = YES;
				CLANG_WARN_UNGUARDED_AVAILABILITY = YES_AGGRESSIVE;
				CLANG_WARN_UNREACHABLE_CODE = YES;
				CLANG_WARN__DUPLICATE_METHOD_MATCH = YES;
				COPY_PHASE_STRIP = NO;
				DEBUG_INFORMATION_FORMAT = dwarf;
				ENABLE_STRICT_OBJC_MSGSEND = YES;
				ENABLE_TESTABILITY = YES;
				GCC_C_LANGUAGE_STANDARD = gnu11;
				GCC_DYNAMIC_NO_PIC = NO;
				GCC_NO_COMMON_BLOCKS = YES;
				GCC_OPTIMIZATION_LEVEL = 0;
				GCC_PREPROCESSOR_DEFINITIONS = (
					"DEBUG=1",
					"$(inherited)",
				);
				GCC_WARN_64_TO_32_BIT_CONVERSION = YES;
				GCC_WARN_ABOUT_RETURN_TYPE = YES_ERROR;
				GCC_WARN_UNDECLARED_SELECTOR = YES;
				GCC_WARN_UNINITIALIZED_AUTOS = YES_AGGRESSIVE;
				GCC_WARN_UNUSED_FUNCTION = YES;
				GCC_WARN_UNUSED_VARIABLE = YES;
				IPHONEOS_DEPLOYMENT_TARGET = 13.2;
				MTL_ENABLE_DEBUG_INFO = INCLUDE_SOURCE;
				MTL_FAST_MATH = YES;
				ONLY_ACTIVE_ARCH = YES;
				SDKROOT = iphoneos;
				SWIFT_ACTIVE_COMPILATION_CONDITIONS = DEBUG;
				SWIFT_OPTIMIZATION_LEVEL = "-Onone";
			};
			name = Debug;
		};
		469931CD24723B33002BE16F /* Release */ = {
			isa = XCBuildConfiguration;
			buildSettings = {
				ALWAYS_SEARCH_USER_PATHS = NO;
				CLANG_ANALYZER_NONNULL = YES;
				CLANG_ANALYZER_NUMBER_OBJECT_CONVERSION = YES_AGGRESSIVE;
				CLANG_CXX_LANGUAGE_STANDARD = "gnu++14";
				CLANG_CXX_LIBRARY = "libc++";
				CLANG_ENABLE_MODULES = YES;
				CLANG_ENABLE_OBJC_ARC = YES;
				CLANG_ENABLE_OBJC_WEAK = YES;
				CLANG_WARN_BLOCK_CAPTURE_AUTORELEASING = YES;
				CLANG_WARN_BOOL_CONVERSION = YES;
				CLANG_WARN_COMMA = YES;
				CLANG_WARN_CONSTANT_CONVERSION = YES;
				CLANG_WARN_DEPRECATED_OBJC_IMPLEMENTATIONS = YES;
				CLANG_WARN_DIRECT_OBJC_ISA_USAGE = YES_ERROR;
				CLANG_WARN_DOCUMENTATION_COMMENTS = YES;
				CLANG_WARN_EMPTY_BODY = YES;
				CLANG_WARN_ENUM_CONVERSION = YES;
				CLANG_WARN_INFINITE_RECURSION = YES;
				CLANG_WARN_INT_CONVERSION = YES;
				CLANG_WARN_NON_LITERAL_NULL_CONVERSION = YES;
				CLANG_WARN_OBJC_IMPLICIT_RETAIN_SELF = YES;
				CLANG_WARN_OBJC_LITERAL_CONVERSION = YES;
				CLANG_WARN_OBJC_ROOT_CLASS = YES_ERROR;
				CLANG_WARN_RANGE_LOOP_ANALYSIS = YES;
				CLANG_WARN_STRICT_PROTOTYPES = YES;
				CLANG_WARN_SUSPICIOUS_MOVE = YES;
				CLANG_WARN_UNGUARDED_AVAILABILITY = YES_AGGRESSIVE;
				CLANG_WARN_UNREACHABLE_CODE = YES;
				CLANG_WARN__DUPLICATE_METHOD_MATCH = YES;
				COPY_PHASE_STRIP = NO;
				DEBUG_INFORMATION_FORMAT = "dwarf-with-dsym";
				ENABLE_NS_ASSERTIONS = NO;
				ENABLE_STRICT_OBJC_MSGSEND = YES;
				GCC_C_LANGUAGE_STANDARD = gnu11;
				GCC_NO_COMMON_BLOCKS = YES;
				GCC_WARN_64_TO_32_BIT_CONVERSION = YES;
				GCC_WARN_ABOUT_RETURN_TYPE = YES_ERROR;
				GCC_WARN_UNDECLARED_SELECTOR = YES;
				GCC_WARN_UNINITIALIZED_AUTOS = YES_AGGRESSIVE;
				GCC_WARN_UNUSED_FUNCTION = YES;
				GCC_WARN_UNUSED_VARIABLE = YES;
				IPHONEOS_DEPLOYMENT_TARGET = 13.2;
				MTL_ENABLE_DEBUG_INFO = NO;
				MTL_FAST_MATH = YES;
				SDKROOT = iphoneos;
				SWIFT_COMPILATION_MODE = wholemodule;
				SWIFT_OPTIMIZATION_LEVEL = "-O";
				VALIDATE_PRODUCT = YES;
			};
			name = Release;
		};
		469931CF24723B33002BE16F /* Debug */ = {
			isa = XCBuildConfiguration;
			buildSettings = {
				ASSETCATALOG_COMPILER_APPICON_NAME = AppIcon;
				CODE_SIGN_STYLE = Automatic;
				DEVELOPMENT_ASSET_PATHS = "\"loginKey-swui/Preview Content\"";
				DEVELOPMENT_TEAM = P6FCYRT7JM;
				ENABLE_PREVIEWS = YES;
				INFOPLIST_FILE = "loginKey-swui/Info.plist";
				LD_RUNPATH_SEARCH_PATHS = (
					"$(inherited)",
					"@executable_path/Frameworks",
				);
				PRODUCT_BUNDLE_IDENTIFIER = "com.rapser.loginKey-swui";
				PRODUCT_NAME = "$(TARGET_NAME)";
				SWIFT_VERSION = 5.0;
				TARGETED_DEVICE_FAMILY = "1,2";
			};
			name = Debug;
		};
		469931D024723B33002BE16F /* Release */ = {
			isa = XCBuildConfiguration;
			buildSettings = {
				ASSETCATALOG_COMPILER_APPICON_NAME = AppIcon;
				CODE_SIGN_STYLE = Automatic;
				DEVELOPMENT_ASSET_PATHS = "\"loginKey-swui/Preview Content\"";
				DEVELOPMENT_TEAM = P6FCYRT7JM;
				ENABLE_PREVIEWS = YES;
				INFOPLIST_FILE = "loginKey-swui/Info.plist";
				LD_RUNPATH_SEARCH_PATHS = (
					"$(inherited)",
					"@executable_path/Frameworks",
				);
				PRODUCT_BUNDLE_IDENTIFIER = "com.rapser.loginKey-swui";
				PRODUCT_NAME = "$(TARGET_NAME)";
				SWIFT_VERSION = 5.0;
				TARGETED_DEVICE_FAMILY = "1,2";
			};
			name = Release;
		};
		469931D224723B33002BE16F /* Debug */ = {
			isa = XCBuildConfiguration;
			buildSettings = {
				ALWAYS_EMBED_SWIFT_STANDARD_LIBRARIES = YES;
				BUNDLE_LOADER = "$(TEST_HOST)";
				CODE_SIGN_STYLE = Automatic;
				DEVELOPMENT_TEAM = P6FCYRT7JM;
				INFOPLIST_FILE = "loginKey-swuiTests/Info.plist";
				IPHONEOS_DEPLOYMENT_TARGET = 13.2;
				LD_RUNPATH_SEARCH_PATHS = (
					"$(inherited)",
					"@executable_path/Frameworks",
					"@loader_path/Frameworks",
				);
				PRODUCT_BUNDLE_IDENTIFIER = "com.rapser.loginKey-swuiTests";
				PRODUCT_NAME = "$(TARGET_NAME)";
				SWIFT_VERSION = 5.0;
				TARGETED_DEVICE_FAMILY = "1,2";
				TEST_HOST = "$(BUILT_PRODUCTS_DIR)/loginKey-swui.app/loginKey-swui";
			};
			name = Debug;
		};
		469931D324723B33002BE16F /* Release */ = {
			isa = XCBuildConfiguration;
			buildSettings = {
				ALWAYS_EMBED_SWIFT_STANDARD_LIBRARIES = YES;
				BUNDLE_LOADER = "$(TEST_HOST)";
				CODE_SIGN_STYLE = Automatic;
				DEVELOPMENT_TEAM = P6FCYRT7JM;
				INFOPLIST_FILE = "loginKey-swuiTests/Info.plist";
				IPHONEOS_DEPLOYMENT_TARGET = 13.2;
				LD_RUNPATH_SEARCH_PATHS = (
					"$(inherited)",
					"@executable_path/Frameworks",
					"@loader_path/Frameworks",
				);
				PRODUCT_BUNDLE_IDENTIFIER = "com.rapser.loginKey-swuiTests";
				PRODUCT_NAME = "$(TARGET_NAME)";
				SWIFT_VERSION = 5.0;
				TARGETED_DEVICE_FAMILY = "1,2";
				TEST_HOST = "$(BUILT_PRODUCTS_DIR)/loginKey-swui.app/loginKey-swui";
			};
			name = Release;
		};
		469931D524723B33002BE16F /* Debug */ = {
			isa = XCBuildConfiguration;
			buildSettings = {
				ALWAYS_EMBED_SWIFT_STANDARD_LIBRARIES = YES;
				CODE_SIGN_STYLE = Automatic;
				DEVELOPMENT_TEAM = P6FCYRT7JM;
				INFOPLIST_FILE = "loginKey-swuiUITests/Info.plist";
				LD_RUNPATH_SEARCH_PATHS = (
					"$(inherited)",
					"@executable_path/Frameworks",
					"@loader_path/Frameworks",
				);
				PRODUCT_BUNDLE_IDENTIFIER = "com.rapser.loginKey-swuiUITests";
				PRODUCT_NAME = "$(TARGET_NAME)";
				SWIFT_VERSION = 5.0;
				TARGETED_DEVICE_FAMILY = "1,2";
				TEST_TARGET_NAME = "loginKey-swui";
			};
			name = Debug;
		};
		469931D624723B33002BE16F /* Release */ = {
			isa = XCBuildConfiguration;
			buildSettings = {
				ALWAYS_EMBED_SWIFT_STANDARD_LIBRARIES = YES;
				CODE_SIGN_STYLE = Automatic;
				DEVELOPMENT_TEAM = P6FCYRT7JM;
				INFOPLIST_FILE = "loginKey-swuiUITests/Info.plist";
				LD_RUNPATH_SEARCH_PATHS = (
					"$(inherited)",
					"@executable_path/Frameworks",
					"@loader_path/Frameworks",
				);
				PRODUCT_BUNDLE_IDENTIFIER = "com.rapser.loginKey-swuiUITests";
				PRODUCT_NAME = "$(TARGET_NAME)";
				SWIFT_VERSION = 5.0;
				TARGETED_DEVICE_FAMILY = "1,2";
				TEST_TARGET_NAME = "loginKey-swui";
			};
			name = Release;
		};
/* End XCBuildConfiguration section */

/* Begin XCConfigurationList section */
		4699319F24723B31002BE16F /* Build configuration list for PBXProject "loginKey-swui" */ = {
			isa = XCConfigurationList;
			buildConfigurations = (
				469931CC24723B33002BE16F /* Debug */,
				469931CD24723B33002BE16F /* Release */,
			);
			defaultConfigurationIsVisible = 0;
			defaultConfigurationName = Release;
		};
		469931CE24723B33002BE16F /* Build configuration list for PBXNativeTarget "loginKey-swui" */ = {
			isa = XCConfigurationList;
			buildConfigurations = (
				469931CF24723B33002BE16F /* Debug */,
				469931D024723B33002BE16F /* Release */,
			);
			defaultConfigurationIsVisible = 0;
			defaultConfigurationName = Release;
		};
		469931D124723B33002BE16F /* Build configuration list for PBXNativeTarget "loginKey-swuiTests" */ = {
			isa = XCConfigurationList;
			buildConfigurations = (
				469931D224723B33002BE16F /* Debug */,
				469931D324723B33002BE16F /* Release */,
			);
			defaultConfigurationIsVisible = 0;
			defaultConfigurationName = Release;
		};
		469931D424723B33002BE16F /* Build configuration list for PBXNativeTarget "loginKey-swuiUITests" */ = {
			isa = XCConfigurationList;
			buildConfigurations = (
				469931D524723B33002BE16F /* Debug */,
				469931D624723B33002BE16F /* Release */,
			);
			defaultConfigurationIsVisible = 0;
			defaultConfigurationName = Release;
		};
/* End XCConfigurationList section */
	};
	rootObject = 4699319C24723B31002BE16F /* Project object */;
}
